# This file is generated by running "yarn install" inside your project.
# Manual changes might be lost - proceed with caution!

__metadata:
  version: 6
  cacheKey: 8

"@napi-rs/cli@npm:^2.4.0":
  version: 2.4.0
  resolution: "@napi-rs/cli@npm:2.4.0"
  bin:
    napi: scripts/index.js
  checksum: 154cb0a135f8b2cf887ec95816774b3a34cce78fe932ebf21fcc963a76b855b1490f39235cb7672f4d227c644084e230573fbf29bd56a943ff6e0c46407931c2
  languageName: node
  linkType: hard

"webpack-hash-cache@workspace:.":
  version: 0.0.0-use.local
  resolution: "webpack-hash-cache@workspace:."
  dependencies:
    "@napi-rs/cli": ^2.4.0
  languageName: unknown
  linkType: soft
